
Microsoft Visual Studio Solution File, Format Version 10.00
# Visual Studio 2008
Project("{F184B08F-C81C-45F6-A57F-5ABD9991F28F}") = "97年工科技藝競賽第2題", "97-2\97年工科技藝競賽第2題.vbproj", "{6361E06F-0BEC-4BC9-8896-56D44A8E32C9}"
EndProject
Global
	GlobalSection(SolutionConfigurationPlatforms) = preSolution
		Debug|Any CPU = Debug|Any CPU
		Release|Any CPU = Release|Any CPU
	EndGlobalSection
	GlobalSection(ProjectConfigurationPlatforms) = postSolution
		{6361E06F-0BEC-4BC9-8896-56D44A8E32C9}.Debug|Any CPU.ActiveCfg = Debug|Any CPU
		{6361E06F-0BEC-4BC9-8896-56D44A8E32C9}.Debug|Any CPU.Build.0 = Debug|Any CPU
		{6361E06F-0BEC-4BC9-8896-56D44A8E32C9}.Release|Any CPU.ActiveCfg = Release|Any CPU
		{6361E06F-0BEC-4BC9-8896-56D44A8E32C9}.Release|Any CPU.Build.0 = Release|Any CPU
	EndGlobalSection
	GlobalSection(SolutionProperties) = preSolution
		HideSolutionNode = FALSE
	EndGlobalSection
EndGlobal
