
Microsoft Visual Studio Solution File, Format Version 10.00
# Visual Studio 2008
Project("{F184B08F-C81C-45F6-A57F-5ABD9991F28F}") = "96年工科技藝競賽第5題", "96-5\96年工科技藝競賽第5題.vbproj", "{103A340D-6EC2-4C8C-B734-51F24E02237C}"
EndProject
Global
	GlobalSection(SolutionConfigurationPlatforms) = preSolution
		Debug|Any CPU = Debug|Any CPU
		Release|Any CPU = Release|Any CPU
	EndGlobalSection
	GlobalSection(ProjectConfigurationPlatforms) = postSolution
		{103A340D-6EC2-4C8C-B734-51F24E02237C}.Debug|Any CPU.ActiveCfg = Debug|Any CPU
		{103A340D-6EC2-4C8C-B734-51F24E02237C}.Debug|Any CPU.Build.0 = Debug|Any CPU
		{103A340D-6EC2-4C8C-B734-51F24E02237C}.Release|Any CPU.ActiveCfg = Release|Any CPU
		{103A340D-6EC2-4C8C-B734-51F24E02237C}.Release|Any CPU.Build.0 = Release|Any CPU
	EndGlobalSection
	GlobalSection(SolutionProperties) = preSolution
		HideSolutionNode = FALSE
	EndGlobalSection
EndGlobal
