
Microsoft Visual Studio Solution File, Format Version 11.00
# Visual Studio 2010
Project("{F184B08F-C81C-45F6-A57F-5ABD9991F28F}") = "102-3", "102-3\102-3.vbproj", "{8B25787D-892C-4675-B6B1-752C18A78915}"
EndProject
Global
	GlobalSection(SolutionConfigurationPlatforms) = preSolution
		Debug|x86 = Debug|x86
		Release|x86 = Release|x86
	EndGlobalSection
	GlobalSection(ProjectConfigurationPlatforms) = postSolution
		{8B25787D-892C-4675-B6B1-752C18A78915}.Debug|x86.ActiveCfg = Debug|x86
		{8B25787D-892C-4675-B6B1-752C18A78915}.Debug|x86.Build.0 = Debug|x86
		{8B25787D-892C-4675-B6B1-752C18A78915}.Release|x86.ActiveCfg = Release|x86
		{8B25787D-892C-4675-B6B1-752C18A78915}.Release|x86.Build.0 = Release|x86
	EndGlobalSection
	GlobalSection(SolutionProperties) = preSolution
		HideSolutionNode = FALSE
	EndGlobalSection
EndGlobal
