
Microsoft Visual Studio Solution File, Format Version 11.00
# Visual Studio 2010
Project("{FAE04EC0-301F-11D3-BF4B-00C04F79EFBC}") = "Q1_變動長度編碼", "Q1_變動長度編碼\Q1_變動長度編碼.csproj", "{A3802786-E163-4A3A-8704-F9EA8B623F4D}"
EndProject
Global
	GlobalSection(SolutionConfigurationPlatforms) = preSolution
		Debug|x86 = Debug|x86
		Release|x86 = Release|x86
	EndGlobalSection
	GlobalSection(ProjectConfigurationPlatforms) = postSolution
		{A3802786-E163-4A3A-8704-F9EA8B623F4D}.Debug|x86.ActiveCfg = Debug|x86
		{A3802786-E163-4A3A-8704-F9EA8B623F4D}.Debug|x86.Build.0 = Debug|x86
		{A3802786-E163-4A3A-8704-F9EA8B623F4D}.Release|x86.ActiveCfg = Release|x86
		{A3802786-E163-4A3A-8704-F9EA8B623F4D}.Release|x86.Build.0 = Release|x86
	EndGlobalSection
	GlobalSection(SolutionProperties) = preSolution
		HideSolutionNode = FALSE
	EndGlobalSection
EndGlobal
