
Microsoft Visual Studio Solution File, Format Version 10.00
# Visual Studio 2008
Project("{F184B08F-C81C-45F6-A57F-5ABD9991F28F}") = "95年工科技藝競賽第4題", "95-4\95年工科技藝競賽第4題.vbproj", "{C20BB853-2F80-49BC-81B7-73FE978DFB7F}"
EndProject
Global
	GlobalSection(SolutionConfigurationPlatforms) = preSolution
		Debug|Any CPU = Debug|Any CPU
		Release|Any CPU = Release|Any CPU
	EndGlobalSection
	GlobalSection(ProjectConfigurationPlatforms) = postSolution
		{C20BB853-2F80-49BC-81B7-73FE978DFB7F}.Debug|Any CPU.ActiveCfg = Debug|Any CPU
		{C20BB853-2F80-49BC-81B7-73FE978DFB7F}.Debug|Any CPU.Build.0 = Debug|Any CPU
		{C20BB853-2F80-49BC-81B7-73FE978DFB7F}.Release|Any CPU.ActiveCfg = Release|Any CPU
		{C20BB853-2F80-49BC-81B7-73FE978DFB7F}.Release|Any CPU.Build.0 = Release|Any CPU
	EndGlobalSection
	GlobalSection(SolutionProperties) = preSolution
		HideSolutionNode = FALSE
	EndGlobalSection
EndGlobal
