
Microsoft Visual Studio Solution File, Format Version 11.00
# Visual Studio 2010
Project("{FAE04EC0-301F-11D3-BF4B-00C04F79EFBC}") = "Q3_計算徑向多項式", "Q3_計算徑向多項式\Q3_計算徑向多項式.csproj", "{EB69900C-71D5-4E01-B41A-F519218E9590}"
EndProject
Global
	GlobalSection(SolutionConfigurationPlatforms) = preSolution
		Debug|x86 = Debug|x86
		Release|x86 = Release|x86
	EndGlobalSection
	GlobalSection(ProjectConfigurationPlatforms) = postSolution
		{EB69900C-71D5-4E01-B41A-F519218E9590}.Debug|x86.ActiveCfg = Debug|x86
		{EB69900C-71D5-4E01-B41A-F519218E9590}.Debug|x86.Build.0 = Debug|x86
		{EB69900C-71D5-4E01-B41A-F519218E9590}.Release|x86.ActiveCfg = Release|x86
		{EB69900C-71D5-4E01-B41A-F519218E9590}.Release|x86.Build.0 = Release|x86
	EndGlobalSection
	GlobalSection(SolutionProperties) = preSolution
		HideSolutionNode = FALSE
	EndGlobalSection
EndGlobal
